
Microsoft Visual Studio Solution File, Format Version 12.00
# Visual Studio Version 16
VisualStudioVersion = 25.0.1704.2
MinimumVisualStudioVersion = 10.0.40219.1
Project("{FAE04EC0-301F-11D3-BF4B-00C04F79EFBC}") = "UnitTestingExercise", "UnitTestingExercise.csproj", "{BA73AEF9-297F-4A70-9158-C69EABABF921}"
EndProject
Global
	GlobalSection(SolutionConfigurationPlatforms) = preSolution
		Debug|Any CPU = Debug|Any CPU
		Release|Any CPU = Release|Any CPU
	EndGlobalSection
	GlobalSection(ProjectConfigurationPlatforms) = postSolution
		{BA73AEF9-297F-4A70-9158-C69EABABF921}.Debug|Any CPU.ActiveCfg = Debug|Any CPU
		{BA73AEF9-297F-4A70-9158-C69EABABF921}.Debug|Any CPU.Build.0 = Debug|Any CPU
		{BA73AEF9-297F-4A70-9158-C69EABABF921}.Release|Any CPU.ActiveCfg = Release|Any CPU
		{BA73AEF9-297F-4A70-9158-C69EABABF921}.Release|Any CPU.Build.0 = Release|Any CPU
	EndGlobalSection
	GlobalSection(SolutionProperties) = preSolution
		HideSolutionNode = FALSE
	EndGlobalSection
	GlobalSection(ExtensibilityGlobals) = postSolution
		SolutionGuid = {BFF183A8-3FA4-4EE5-BFD5-77346C9DA281}
	EndGlobalSection
EndGlobal
